
Microsoft Visual Studio Solution File, Format Version 12.00
# Visual Studio Version 17
VisualStudioVersion = 17.2.32630.192
MinimumVisualStudioVersion = 10.0.40219.1
Project("{FAE04EC0-301F-11D3-BF4B-00C04F79EFBC}") = "VIN_LIB", "VIN_LIB\VIN_LIB.csproj", "{CE25D433-1A66-4A39-9AB3-9F2556996321}"
EndProject
Project("{FAE04EC0-301F-11D3-BF4B-00C04F79EFBC}") = "UnitTestProject1", "UnitTestProject1\UnitTestProject1.csproj", "{424C28C6-3419-4625-9D14-4C84B6D43718}"
EndProject
Global
	GlobalSection(SolutionConfigurationPlatforms) = preSolution
		Debug|Any CPU = Debug|Any CPU
		Release|Any CPU = Release|Any CPU
	EndGlobalSection
	GlobalSection(ProjectConfigurationPlatforms) = postSolution
		{CE25D433-1A66-4A39-9AB3-9F2556996321}.Debug|Any CPU.ActiveCfg = Debug|Any CPU
		{CE25D433-1A66-4A39-9AB3-9F2556996321}.Debug|Any CPU.Build.0 = Debug|Any CPU
		{CE25D433-1A66-4A39-9AB3-9F2556996321}.Release|Any CPU.ActiveCfg = Release|Any CPU
		{CE25D433-1A66-4A39-9AB3-9F2556996321}.Release|Any CPU.Build.0 = Release|Any CPU
		{424C28C6-3419-4625-9D14-4C84B6D43718}.Debug|Any CPU.ActiveCfg = Debug|Any CPU
		{424C28C6-3419-4625-9D14-4C84B6D43718}.Debug|Any CPU.Build.0 = Debug|Any CPU
		{424C28C6-3419-4625-9D14-4C84B6D43718}.Release|Any CPU.ActiveCfg = Release|Any CPU
		{424C28C6-3419-4625-9D14-4C84B6D43718}.Release|Any CPU.Build.0 = Release|Any CPU
	EndGlobalSection
	GlobalSection(SolutionProperties) = preSolution
		HideSolutionNode = FALSE
	EndGlobalSection
	GlobalSection(ExtensibilityGlobals) = postSolution
		SolutionGuid = {681FA75E-BCEB-48B8-9D3E-C810A57ACB38}
	EndGlobalSection
EndGlobal
